
Microsoft Visual Studio Solution File, Format Version 12.00
# Visual Studio 15
VisualStudioVersion = 15.0.26730.3
MinimumVisualStudioVersion = 10.0.40219.1
Project("{FAE04EC0-301F-11D3-BF4B-00C04F79EFBC}") = "Main.Web", "Main.Web\Main.Web.csproj", "{F5CFC483-3847-48AB-B9DA-8E7C92037348}"
EndProject
Project("{E53339B2-1760-4266-BCC7-CA923CBCF16C}") = "docker-compose", "docker-compose.dcproj", "{48F08BB5-1DFC-4C04-8E6C-24B4A4810894}"
EndProject
Global
	GlobalSection(SolutionConfigurationPlatforms) = preSolution
		Debug|Any CPU = Debug|Any CPU
		Release|Any CPU = Release|Any CPU
	EndGlobalSection
	GlobalSection(ProjectConfigurationPlatforms) = postSolution
		{F5CFC483-3847-48AB-B9DA-8E7C92037348}.Debug|Any CPU.ActiveCfg = Debug|Any CPU
		{F5CFC483-3847-48AB-B9DA-8E7C92037348}.Debug|Any CPU.Build.0 = Debug|Any CPU
		{F5CFC483-3847-48AB-B9DA-8E7C92037348}.Release|Any CPU.ActiveCfg = Release|Any CPU
		{F5CFC483-3847-48AB-B9DA-8E7C92037348}.Release|Any CPU.Build.0 = Release|Any CPU
		{48F08BB5-1DFC-4C04-8E6C-24B4A4810894}.Debug|Any CPU.ActiveCfg = Debug|Any CPU
		{48F08BB5-1DFC-4C04-8E6C-24B4A4810894}.Debug|Any CPU.Build.0 = Debug|Any CPU
		{48F08BB5-1DFC-4C04-8E6C-24B4A4810894}.Release|Any CPU.ActiveCfg = Release|Any CPU
		{48F08BB5-1DFC-4C04-8E6C-24B4A4810894}.Release|Any CPU.Build.0 = Release|Any CPU
	EndGlobalSection
	GlobalSection(SolutionProperties) = preSolution
		HideSolutionNode = FALSE
	EndGlobalSection
	GlobalSection(ExtensibilityGlobals) = postSolution
		SolutionGuid = {5548B8B1-B51A-4B2D-86DB-6190220D9C78}
	EndGlobalSection
EndGlobal
